
Microsoft Visual Studio Solution File, Format Version 12.00
# Visual Studio Version 16
VisualStudioVersion = 16.0.30320.27
MinimumVisualStudioVersion = 10.0.40219.1
Project("{FAE04EC0-301F-11D3-BF4B-00C04F79EFBC}") = "CuteCharmIDGenie Plugin", "CuteCharmIDGeniePlugin\CuteCharmIDGeniePlugin.csproj", "{3C7F41CC-C56C-444A-9A7E-22E93A4B348C}"
EndProject
Global
	GlobalSection(SolutionConfigurationPlatforms) = preSolution
		Debug|Any CPU = Debug|Any CPU
		Release|Any CPU = Release|Any CPU
	EndGlobalSection
	GlobalSection(ProjectConfigurationPlatforms) = postSolution
		{3C7F41CC-C56C-444A-9A7E-22E93A4B348C}.Debug|Any CPU.ActiveCfg = Debug|Any CPU
		{3C7F41CC-C56C-444A-9A7E-22E93A4B348C}.Debug|Any CPU.Build.0 = Debug|Any CPU
		{3C7F41CC-C56C-444A-9A7E-22E93A4B348C}.Release|Any CPU.ActiveCfg = Release|Any CPU
		{3C7F41CC-C56C-444A-9A7E-22E93A4B348C}.Release|Any CPU.Build.0 = Release|Any CPU
	EndGlobalSection
	GlobalSection(SolutionProperties) = preSolution
		HideSolutionNode = FALSE
	EndGlobalSection
	GlobalSection(ExtensibilityGlobals) = postSolution
		SolutionGuid = {3A285D0D-274F-4D0B-BDE9-895DF44EA732}
	EndGlobalSection
EndGlobal
